{
	"name": "live-preview-server",
	"version": "0.0.1",
	"lockfileVersion": 3,
	"requires": true,
	"packages": {
		"": {
			"name": "live-preview-server",
			"version": "0.0.1",
			"license": "GPL-3.0-only",
			"devDependencies": {
				"@types/node": "^16.18.25",
				"@types/vscode": "^1.78.0"
			},
			"engines": {
				"vscode": "^1.78.2"
			}
		},
		"../css-refresher": {
			"version": "1.0.0",
			"extraneous": true,
			"license": "MIT"
		},
		"../html-refresher": {
			"version": "1.0.0",
			"extraneous": true,
			"license": "MIT"
		},
		"../preview-server": {
			"version": "1.0.0",
			"extraneous": true,
			"license": "MIT",
			"dependencies": {
				"css-refresher": "file:../css-refresher",
				"html-refresher": "file:../html-refresher"
			}
		},
		"../reload-server": {
			"version": "1.0.0",
			"extraneous": true,
			"license": "ISC"
		},
		"css-refresher": {
			"version": "1.0.0",
			"extraneous": true,
			"license": "GPL-3.0-only"
		},
		"html-refresher": {
			"version": "1.0.0",
			"extraneous": true,
			"license": "GPL-3.0-only"
		},
		"node_modules/@types/node": {
			"version": "16.18.25",
			"resolved": "https://registry.npmjs.org/@types/node/-/node-16.18.25.tgz",
			"integrity": "sha512-rUDO6s9Q/El1R1I21HG4qw/LstTHCPO/oQNAwI/4b2f9EWvMnqt4d3HJwPMawfZ3UvodB8516Yg+VAq54YM+eA==",
			"dev": true
		},
		"node_modules/@types/vscode": {
			"version": "1.78.0",
			"resolved": "https://registry.npmjs.org/@types/vscode/-/vscode-1.78.0.tgz",
			"integrity": "sha512-LJZIJpPvKJ0HVQDqfOy6W4sNKUBBwyDu1Bs8chHBZOe9MNuKTJtidgZ2bqjhmmWpUb0TIIqv47BFUcVmAsgaVA==",
			"dev": true
		},
		"preview-server": {
			"version": "1.0.0",
			"extraneous": true,
			"license": "GPL-3.0-only",
			"dependencies": {
				"css-refresher": "file:../css-refresher",
				"html-refresher": "file:../html-refresher"
			}
		}
	}
}
