{
	"name": "preview-server",
	"version": "1.0.0",
	"lockfileVersion": 3,
	"requires": true,
	"packages": {
		"": {
			"name": "preview-server",
			"version": "1.0.0",
			"license": "MIT",
			"dependencies": {
				"css-refresher": "file:../css-refresher",
				"html-refresher": "file:../html-refresher"
			}
		},
		"../css-refresher": {
			"version": "1.0.0",
			"license": "MIT"
		},
		"../html-refresher": {
			"version": "1.0.0",
			"license": "MIT"
		},
		"node_modules/css-refresher": {
			"resolved": "../css-refresher",
			"link": true
		},
		"node_modules/html-refresher": {
			"resolved": "../html-refresher",
			"link": true
		}
	}
}
